
Microsoft Visual Studio Solution File, Format Version 12.00
# Visual Studio 2013
VisualStudioVersion = 12.0.31101.0
MinimumVisualStudioVersion = 10.0.40219.1
Project("{2150E333-8FDC-42A3-9474-1A3956D46DE8}") = "Web", "Web", "{9F3297C4-D1B4-49AE-B551-C12ACBA2CDBA}"
EndProject
Project("{2150E333-8FDC-42A3-9474-1A3956D46DE8}") = "Business", "Business", "{0847A4CD-F012-413E-9A8F-7A4125C79623}"
EndProject
Project("{2150E333-8FDC-42A3-9474-1A3956D46DE8}") = "Data", "Data", "{D93EAAA6-54FA-4DB0-AE8A-09EEC7389CE2}"
EndProject
Project("{2150E333-8FDC-42A3-9474-1A3956D46DE8}") = "Reports", "Reports", "{16FEF750-CCDB-4894-9A77-F28ED1D49C6C}"
EndProject
Project("{2150E333-8FDC-42A3-9474-1A3956D46DE8}") = "Library", "Library", "{A8BEF24A-C7C0-4A5B-AF44-FEC8136E2F7A}"
EndProject
Project("{FAE04EC0-301F-11D3-BF4B-00C04F79EFBC}") = "FBTS.Reports", "FBTSReports\FBTS.Reports\FBTS.Reports.csproj", "{08E5DBD3-DE6A-4559-9508-A364D54D58AF}"
EndProject
Project("{2150E333-8FDC-42A3-9474-1A3956D46DE8}") = "DataModel", "DataModel", "{7AB1B375-43F8-4E9E-8EB4-D29FFCFEF6B3}"
EndProject
Project("{FAE04EC0-301F-11D3-BF4B-00C04F79EFBC}") = "FBTS.Model.Common", "FBTSData\FBTS.Model.Common\FBTS.Model.Common.csproj", "{D1C25BFA-4AAD-4989-A105-ECCFFFC4D1ED}"
EndProject
Project("{FAE04EC0-301F-11D3-BF4B-00C04F79EFBC}") = "FBTS.Model.Control", "FBTSData\FBTS.Model.Control\FBTS.Model.Control.csproj", "{8E252831-076F-46D6-A4EF-A1D9B7FAE23C}"
EndProject
Project("{FAE04EC0-301F-11D3-BF4B-00C04F79EFBC}") = "FBTS.App.Library", "FBTSLibrary\FBTS.App.Library\FBTS.App.Library.csproj", "{435D3EFE-2AB5-44B8-88E9-A8112B7A1DE4}"
EndProject
Project("{FAE04EC0-301F-11D3-BF4B-00C04F79EFBC}") = "FBTS.Library.Common", "FBTSLibrary\FBTS.Library.Common\FBTS.Library.Common.csproj", "{9171CE4A-AA40-4D69-9FB7-17647A24BA68}"
EndProject
Project("{FAE04EC0-301F-11D3-BF4B-00C04F79EFBC}") = "FBTS.Library.DBEngine", "FBTSLibrary\FBTS.Library.DBEngine\FBTS.Library.DBEngine.csproj", "{4525BB66-A005-4921-9E7E-4F09CD67DD72}"
EndProject
Project("{FAE04EC0-301F-11D3-BF4B-00C04F79EFBC}") = "FBTS.Library.EventLogger", "FBTSLibrary\FBTS.Library.EventLogger\FBTS.Library.EventLogger.csproj", "{51353125-6366-44B3-A19A-7F3901452F43}"
EndProject
Project("{FAE04EC0-301F-11D3-BF4B-00C04F79EFBC}") = "FBTS.Library.Statemanagement", "FBTSLibrary\FBTS.Library.Statemanagement\FBTS.Library.Statemanagement.csproj", "{DABD322D-B64E-4A1B-A819-C49DB5C70442}"
EndProject
Project("{FAE04EC0-301F-11D3-BF4B-00C04F79EFBC}") = "FBTS.Library.WebControls", "FBTSLibrary\FBTS.Library.WebControls\FBTS.Library.WebControls.csproj", "{2B165A82-7BCD-43F7-9637-19F8C9FEA820}"
EndProject
Project("{FAE04EC0-301F-11D3-BF4B-00C04F79EFBC}") = "FBTS.Business.Manager", "FBTSBusiness\FBTS.Business\FBTS.Business.Manager.csproj", "{38D0B2BF-9D18-4158-96EF-18BA73D99974}"
EndProject
Project("{2150E333-8FDC-42A3-9474-1A3956D46DE8}") = "Entityframework", "Entityframework", "{17F4D8A6-C998-431A-990A-DFF27580386D}"
EndProject
Project("{FAE04EC0-301F-11D3-BF4B-00C04F79EFBC}") = "FBTS.EntityFramework.Control", "FBTSData\FBTS.EntityFramework.Control\FBTS.EntityFramework.Control.csproj", "{268983FF-1006-4519-95F0-A461B0E7D20E}"
EndProject
Project("{FAE04EC0-301F-11D3-BF4B-00C04F79EFBC}") = "FBTS.Data.Manager", "FBTSData\FBTS.Data.Manager\FBTS.Data.Manager.csproj", "{4B6676BD-6958-475E-B0F6-83AD47D64DF5}"
EndProject
Project("{FAE04EC0-301F-11D3-BF4B-00C04F79EFBC}") = "FBTS.EntityFramework.Transactions", "FBTSData\FBTS.EntityFramework.Transactions\FBTS.EntityFramework.Transactions.csproj", "{D4003470-3664-4923-BA77-8CF24992C4B5}"
EndProject
Project("{FAE04EC0-301F-11D3-BF4B-00C04F79EFBC}") = "FBTS.Model.Transaction", "FBTSData\FBTS.Model.Transaction\FBTS.Model.Transaction.csproj", "{FF66FA91-3E19-494B-BED5-72EAF57B3B1C}"
EndProject
Project("{FAE04EC0-301F-11D3-BF4B-00C04F79EFBC}") = "FBTS.View", "FBTSWeb\FBTS.View\FBTS.View.csproj", "{4D280042-6C6A-4B2F-A56D-5A393910A904}"
EndProject
Global
	GlobalSection(TeamFoundationVersionControl) = preSolution
		SccNumberOfProjects = 16
		SccEnterpriseProvider = {4CA58AB2-18FA-4F8D-95D4-32DDF27D184C}
		SccTeamFoundationServer = http://win12-pitc:8080/tfs/fbts
		SccLocalPath0 = .
		SccProjectUniqueName1 = FBTSBusiness\\FBTS.Business\\FBTS.Business.Manager.csproj
		SccProjectTopLevelParentUniqueName1 = FBTS.sln
		SccProjectName1 = FBTSBusiness/FBTS.Business
		SccLocalPath1 = FBTSBusiness\\FBTS.Business
		SccProjectUniqueName2 = FBTSData\\FBTS.Data.Manager\\FBTS.Data.Manager.csproj
		SccProjectTopLevelParentUniqueName2 = FBTS.sln
		SccProjectName2 = FBTSData/FBTS.Data.Manager
		SccLocalPath2 = FBTSData\\FBTS.Data.Manager
		SccProjectUniqueName3 = FBTSData\\FBTS.EntityFramework.Control\\FBTS.EntityFramework.Control.csproj
		SccProjectTopLevelParentUniqueName3 = FBTS.sln
		SccProjectName3 = FBTSData/FBTS.EntityFramework.Control
		SccLocalPath3 = FBTSData\\FBTS.EntityFramework.Control
		SccProjectUniqueName4 = FBTSData\\FBTS.EntityFramework.Transactions\\FBTS.EntityFramework.Transactions.csproj
		SccProjectTopLevelParentUniqueName4 = FBTS.sln
		SccProjectName4 = FBTSData/FBTS.EntityFramework.Transactions
		SccLocalPath4 = FBTSData\\FBTS.EntityFramework.Transactions
		SccProjectUniqueName5 = FBTSData\\FBTS.Model.Common\\FBTS.Model.Common.csproj
		SccProjectTopLevelParentUniqueName5 = FBTS.sln
		SccProjectName5 = FBTSData/FBTS.Model.Common
		SccLocalPath5 = FBTSData\\FBTS.Model.Common
		SccProjectUniqueName6 = FBTSData\\FBTS.Model.Control\\FBTS.Model.Control.csproj
		SccProjectTopLevelParentUniqueName6 = FBTS.sln
		SccProjectName6 = FBTSData/FBTS.Model.Control
		SccLocalPath6 = FBTSData\\FBTS.Model.Control
		SccProjectUniqueName7 = FBTSData\\FBTS.Model.Transaction\\FBTS.Model.Transaction.csproj
		SccProjectTopLevelParentUniqueName7 = FBTS.sln
		SccProjectName7 = FBTSData/FBTS.Model.Transaction
		SccLocalPath7 = FBTSData\\FBTS.Model.Transaction
		SccProjectUniqueName8 = FBTSLibrary\\FBTS.App.Library\\FBTS.App.Library.csproj
		SccProjectTopLevelParentUniqueName8 = FBTS.sln
		SccProjectName8 = FBTSLibrary/FBTS.App.Library
		SccLocalPath8 = FBTSLibrary\\FBTS.App.Library
		SccProjectUniqueName9 = FBTSLibrary\\FBTS.Library.Common\\FBTS.Library.Common.csproj
		SccProjectTopLevelParentUniqueName9 = FBTS.sln
		SccProjectName9 = FBTSLibrary/FBTS.Library.Common
		SccLocalPath9 = FBTSLibrary\\FBTS.Library.Common
		SccProjectUniqueName10 = FBTSLibrary\\FBTS.Library.DBEngine\\FBTS.Library.DBEngine.csproj
		SccProjectTopLevelParentUniqueName10 = FBTS.sln
		SccProjectName10 = FBTSLibrary/FBTS.Library.DBEngine
		SccLocalPath10 = FBTSLibrary\\FBTS.Library.DBEngine
		SccProjectUniqueName11 = FBTSLibrary\\FBTS.Library.EventLogger\\FBTS.Library.EventLogger.csproj
		SccProjectTopLevelParentUniqueName11 = FBTS.sln
		SccProjectName11 = FBTSLibrary/FBTS.Library.EventLogger
		SccLocalPath11 = FBTSLibrary\\FBTS.Library.EventLogger
		SccProjectUniqueName12 = FBTSLibrary\\FBTS.Library.Statemanagement\\FBTS.Library.Statemanagement.csproj
		SccProjectTopLevelParentUniqueName12 = FBTS.sln
		SccProjectName12 = FBTSLibrary/FBTS.Library.Statemanagement
		SccLocalPath12 = FBTSLibrary\\FBTS.Library.Statemanagement
		SccProjectUniqueName13 = FBTSLibrary\\FBTS.Library.WebControls\\FBTS.Library.WebControls.csproj
		SccProjectTopLevelParentUniqueName13 = FBTS.sln
		SccProjectName13 = FBTSLibrary/FBTS.Library.WebControls
		SccLocalPath13 = FBTSLibrary\\FBTS.Library.WebControls
		SccProjectUniqueName14 = FBTSReports\\FBTS.Reports\\FBTS.Reports.csproj
		SccProjectTopLevelParentUniqueName14 = FBTS.sln
		SccProjectName14 = FBTSReports/FBTS.Reports
		SccLocalPath14 = FBTSReports\\FBTS.Reports
		SccProjectUniqueName15 = FBTSWeb\\FBTS.View\\FBTS.View.csproj
		SccProjectTopLevelParentUniqueName15 = FBTS.sln
		SccProjectName15 = FBTSWeb/FBTS.View
		SccLocalPath15 = FBTSWeb\\FBTS.View
	EndGlobalSection
	GlobalSection(SolutionConfigurationPlatforms) = preSolution
		Debug|Any CPU = Debug|Any CPU
		Debug|x86 = Debug|x86
		Dev|Any CPU = Dev|Any CPU
		Dev|x86 = Dev|x86
		Prod|Any CPU = Prod|Any CPU
		Prod|x86 = Prod|x86
		QA|Any CPU = QA|Any CPU
		QA|x86 = QA|x86
		Release|Any CPU = Release|Any CPU
		Release|x86 = Release|x86
	EndGlobalSection
	GlobalSection(ProjectConfigurationPlatforms) = postSolution
		{08E5DBD3-DE6A-4559-9508-A364D54D58AF}.Debug|Any CPU.ActiveCfg = Debug|Any CPU
		{08E5DBD3-DE6A-4559-9508-A364D54D58AF}.Debug|Any CPU.Build.0 = Debug|Any CPU
		{08E5DBD3-DE6A-4559-9508-A364D54D58AF}.Debug|x86.ActiveCfg = Debug|x86
		{08E5DBD3-DE6A-4559-9508-A364D54D58AF}.Debug|x86.Build.0 = Debug|x86
		{08E5DBD3-DE6A-4559-9508-A364D54D58AF}.Dev|Any CPU.ActiveCfg = Debug|Any CPU
		{08E5DBD3-DE6A-4559-9508-A364D54D58AF}.Dev|Any CPU.Build.0 = Debug|Any CPU
		{08E5DBD3-DE6A-4559-9508-A364D54D58AF}.Dev|x86.ActiveCfg = Debug|x86
		{08E5DBD3-DE6A-4559-9508-A364D54D58AF}.Dev|x86.Build.0 = Debug|x86
		{08E5DBD3-DE6A-4559-9508-A364D54D58AF}.Prod|Any CPU.ActiveCfg = Release|Any CPU
		{08E5DBD3-DE6A-4559-9508-A364D54D58AF}.Prod|Any CPU.Build.0 = Release|Any CPU
		{08E5DBD3-DE6A-4559-9508-A364D54D58AF}.Prod|x86.ActiveCfg = Release|x86
		{08E5DBD3-DE6A-4559-9508-A364D54D58AF}.Prod|x86.Build.0 = Release|x86
		{08E5DBD3-DE6A-4559-9508-A364D54D58AF}.QA|Any CPU.ActiveCfg = Release|Any CPU
		{08E5DBD3-DE6A-4559-9508-A364D54D58AF}.QA|Any CPU.Build.0 = Release|Any CPU
		{08E5DBD3-DE6A-4559-9508-A364D54D58AF}.QA|x86.ActiveCfg = Release|x86
		{08E5DBD3-DE6A-4559-9508-A364D54D58AF}.QA|x86.Build.0 = Release|x86
		{08E5DBD3-DE6A-4559-9508-A364D54D58AF}.Release|Any CPU.ActiveCfg = Release|Any CPU
		{08E5DBD3-DE6A-4559-9508-A364D54D58AF}.Release|Any CPU.Build.0 = Release|Any CPU
		{08E5DBD3-DE6A-4559-9508-A364D54D58AF}.Release|x86.ActiveCfg = Release|x86
		{08E5DBD3-DE6A-4559-9508-A364D54D58AF}.Release|x86.Build.0 = Release|x86
		{D1C25BFA-4AAD-4989-A105-ECCFFFC4D1ED}.Debug|Any CPU.ActiveCfg = Debug|Any CPU
		{D1C25BFA-4AAD-4989-A105-ECCFFFC4D1ED}.Debug|Any CPU.Build.0 = Debug|Any CPU
		{D1C25BFA-4AAD-4989-A105-ECCFFFC4D1ED}.Debug|x86.ActiveCfg = Debug|x86
		{D1C25BFA-4AAD-4989-A105-ECCFFFC4D1ED}.Debug|x86.Build.0 = Debug|x86
		{D1C25BFA-4AAD-4989-A105-ECCFFFC4D1ED}.Dev|Any CPU.ActiveCfg = Dev|Any CPU
		{D1C25BFA-4AAD-4989-A105-ECCFFFC4D1ED}.Dev|Any CPU.Build.0 = Dev|Any CPU
		{D1C25BFA-4AAD-4989-A105-ECCFFFC4D1ED}.Dev|x86.ActiveCfg = Dev|x86
		{D1C25BFA-4AAD-4989-A105-ECCFFFC4D1ED}.Dev|x86.Build.0 = Dev|x86
		{D1C25BFA-4AAD-4989-A105-ECCFFFC4D1ED}.Prod|Any CPU.ActiveCfg = Prod|Any CPU
		{D1C25BFA-4AAD-4989-A105-ECCFFFC4D1ED}.Prod|Any CPU.Build.0 = Prod|Any CPU
		{D1C25BFA-4AAD-4989-A105-ECCFFFC4D1ED}.Prod|x86.ActiveCfg = Prod|x86
		{D1C25BFA-4AAD-4989-A105-ECCFFFC4D1ED}.Prod|x86.Build.0 = Prod|x86
		{D1C25BFA-4AAD-4989-A105-ECCFFFC4D1ED}.QA|Any CPU.ActiveCfg = QA|Any CPU
		{D1C25BFA-4AAD-4989-A105-ECCFFFC4D1ED}.QA|Any CPU.Build.0 = QA|Any CPU
		{D1C25BFA-4AAD-4989-A105-ECCFFFC4D1ED}.QA|x86.ActiveCfg = QA|x86
		{D1C25BFA-4AAD-4989-A105-ECCFFFC4D1ED}.QA|x86.Build.0 = QA|x86
		{D1C25BFA-4AAD-4989-A105-ECCFFFC4D1ED}.Release|Any CPU.ActiveCfg = Release|Any CPU
		{D1C25BFA-4AAD-4989-A105-ECCFFFC4D1ED}.Release|Any CPU.Build.0 = Release|Any CPU
		{D1C25BFA-4AAD-4989-A105-ECCFFFC4D1ED}.Release|x86.ActiveCfg = Release|x86
		{D1C25BFA-4AAD-4989-A105-ECCFFFC4D1ED}.Release|x86.Build.0 = Release|x86
		{8E252831-076F-46D6-A4EF-A1D9B7FAE23C}.Debug|Any CPU.ActiveCfg = Debug|Any CPU
		{8E252831-076F-46D6-A4EF-A1D9B7FAE23C}.Debug|Any CPU.Build.0 = Debug|Any CPU
		{8E252831-076F-46D6-A4EF-A1D9B7FAE23C}.Debug|x86.ActiveCfg = Debug|x86
		{8E252831-076F-46D6-A4EF-A1D9B7FAE23C}.Debug|x86.Build.0 = Debug|x86
		{8E252831-076F-46D6-A4EF-A1D9B7FAE23C}.Dev|Any CPU.ActiveCfg = Dev|Any CPU
		{8E252831-076F-46D6-A4EF-A1D9B7FAE23C}.Dev|Any CPU.Build.0 = Dev|Any CPU
		{8E252831-076F-46D6-A4EF-A1D9B7FAE23C}.Dev|x86.ActiveCfg = Dev|x86
		{8E252831-076F-46D6-A4EF-A1D9B7FAE23C}.Dev|x86.Build.0 = Dev|x86
		{8E252831-076F-46D6-A4EF-A1D9B7FAE23C}.Prod|Any CPU.ActiveCfg = Prod|Any CPU
		{8E252831-076F-46D6-A4EF-A1D9B7FAE23C}.Prod|Any CPU.Build.0 = Prod|Any CPU
		{8E252831-076F-46D6-A4EF-A1D9B7FAE23C}.Prod|x86.ActiveCfg = Prod|x86
		{8E252831-076F-46D6-A4EF-A1D9B7FAE23C}.Prod|x86.Build.0 = Prod|x86
		{8E252831-076F-46D6-A4EF-A1D9B7FAE23C}.QA|Any CPU.ActiveCfg = QA|Any CPU
		{8E252831-076F-46D6-A4EF-A1D9B7FAE23C}.QA|Any CPU.Build.0 = QA|Any CPU
		{8E252831-076F-46D6-A4EF-A1D9B7FAE23C}.QA|x86.ActiveCfg = QA|x86
		{8E252831-076F-46D6-A4EF-A1D9B7FAE23C}.QA|x86.Build.0 = QA|x86
		{8E252831-076F-46D6-A4EF-A1D9B7FAE23C}.Release|Any CPU.ActiveCfg = Release|Any CPU
		{8E252831-076F-46D6-A4EF-A1D9B7FAE23C}.Release|Any CPU.Build.0 = Release|Any CPU
		{8E252831-076F-46D6-A4EF-A1D9B7FAE23C}.Release|x86.ActiveCfg = Release|x86
		{8E252831-076F-46D6-A4EF-A1D9B7FAE23C}.Release|x86.Build.0 = Release|x86
		{435D3EFE-2AB5-44B8-88E9-A8112B7A1DE4}.Debug|Any CPU.ActiveCfg = Debug|Any CPU
		{435D3EFE-2AB5-44B8-88E9-A8112B7A1DE4}.Debug|Any CPU.Build.0 = Debug|Any CPU
		{435D3EFE-2AB5-44B8-88E9-A8112B7A1DE4}.Debug|x86.ActiveCfg = Debug|x86
		{435D3EFE-2AB5-44B8-88E9-A8112B7A1DE4}.Debug|x86.Build.0 = Debug|x86
		{435D3EFE-2AB5-44B8-88E9-A8112B7A1DE4}.Dev|Any CPU.ActiveCfg = Debug|Any CPU
		{435D3EFE-2AB5-44B8-88E9-A8112B7A1DE4}.Dev|Any CPU.Build.0 = Debug|Any CPU
		{435D3EFE-2AB5-44B8-88E9-A8112B7A1DE4}.Dev|x86.ActiveCfg = Debug|x86
		{435D3EFE-2AB5-44B8-88E9-A8112B7A1DE4}.Dev|x86.Build.0 = Debug|x86
		{435D3EFE-2AB5-44B8-88E9-A8112B7A1DE4}.Prod|Any CPU.ActiveCfg = Release|Any CPU
		{435D3EFE-2AB5-44B8-88E9-A8112B7A1DE4}.Prod|Any CPU.Build.0 = Release|Any CPU
		{435D3EFE-2AB5-44B8-88E9-A8112B7A1DE4}.Prod|x86.ActiveCfg = Release|x86
		{435D3EFE-2AB5-44B8-88E9-A8112B7A1DE4}.Prod|x86.Build.0 = Release|x86
		{435D3EFE-2AB5-44B8-88E9-A8112B7A1DE4}.QA|Any CPU.ActiveCfg = Release|Any CPU
		{435D3EFE-2AB5-44B8-88E9-A8112B7A1DE4}.QA|Any CPU.Build.0 = Release|Any CPU
		{435D3EFE-2AB5-44B8-88E9-A8112B7A1DE4}.QA|x86.ActiveCfg = Release|x86
		{435D3EFE-2AB5-44B8-88E9-A8112B7A1DE4}.QA|x86.Build.0 = Release|x86
		{435D3EFE-2AB5-44B8-88E9-A8112B7A1DE4}.Release|Any CPU.ActiveCfg = Release|Any CPU
		{435D3EFE-2AB5-44B8-88E9-A8112B7A1DE4}.Release|Any CPU.Build.0 = Release|Any CPU
		{435D3EFE-2AB5-44B8-88E9-A8112B7A1DE4}.Release|x86.ActiveCfg = Release|x86
		{435D3EFE-2AB5-44B8-88E9-A8112B7A1DE4}.Release|x86.Build.0 = Release|x86
		{9171CE4A-AA40-4D69-9FB7-17647A24BA68}.Debug|Any CPU.ActiveCfg = Debug|Any CPU
		{9171CE4A-AA40-4D69-9FB7-17647A24BA68}.Debug|Any CPU.Build.0 = Debug|Any CPU
		{9171CE4A-AA40-4D69-9FB7-17647A24BA68}.Debug|x86.ActiveCfg = Debug|x86
		{9171CE4A-AA40-4D69-9FB7-17647A24BA68}.Debug|x86.Build.0 = Debug|x86
		{9171CE4A-AA40-4D69-9FB7-17647A24BA68}.Dev|Any CPU.ActiveCfg = Dev|Any CPU
		{9171CE4A-AA40-4D69-9FB7-17647A24BA68}.Dev|Any CPU.Build.0 = Dev|Any CPU
		{9171CE4A-AA40-4D69-9FB7-17647A24BA68}.Dev|x86.ActiveCfg = Dev|x86
		{9171CE4A-AA40-4D69-9FB7-17647A24BA68}.Dev|x86.Build.0 = Dev|x86
		{9171CE4A-AA40-4D69-9FB7-17647A24BA68}.Prod|Any CPU.ActiveCfg = Prod|Any CPU
		{9171CE4A-AA40-4D69-9FB7-17647A24BA68}.Prod|Any CPU.Build.0 = Prod|Any CPU
		{9171CE4A-AA40-4D69-9FB7-17647A24BA68}.Prod|x86.ActiveCfg = Prod|x86
		{9171CE4A-AA40-4D69-9FB7-17647A24BA68}.Prod|x86.Build.0 = Prod|x86
		{9171CE4A-AA40-4D69-9FB7-17647A24BA68}.QA|Any CPU.ActiveCfg = QA|Any CPU
		{9171CE4A-AA40-4D69-9FB7-17647A24BA68}.QA|Any CPU.Build.0 = QA|Any CPU
		{9171CE4A-AA40-4D69-9FB7-17647A24BA68}.QA|x86.ActiveCfg = QA|x86
		{9171CE4A-AA40-4D69-9FB7-17647A24BA68}.QA|x86.Build.0 = QA|x86
		{9171CE4A-AA40-4D69-9FB7-17647A24BA68}.Release|Any CPU.ActiveCfg = Release|Any CPU
		{9171CE4A-AA40-4D69-9FB7-17647A24BA68}.Release|Any CPU.Build.0 = Release|Any CPU
		{9171CE4A-AA40-4D69-9FB7-17647A24BA68}.Release|x86.ActiveCfg = Release|x86
		{9171CE4A-AA40-4D69-9FB7-17647A24BA68}.Release|x86.Build.0 = Release|x86
		{4525BB66-A005-4921-9E7E-4F09CD67DD72}.Debug|Any CPU.ActiveCfg = Debug|Any CPU
		{4525BB66-A005-4921-9E7E-4F09CD67DD72}.Debug|Any CPU.Build.0 = Debug|Any CPU
		{4525BB66-A005-4921-9E7E-4F09CD67DD72}.Debug|x86.ActiveCfg = Debug|x86
		{4525BB66-A005-4921-9E7E-4F09CD67DD72}.Debug|x86.Build.0 = Debug|x86
		{4525BB66-A005-4921-9E7E-4F09CD67DD72}.Dev|Any CPU.ActiveCfg = Dev|Any CPU
		{4525BB66-A005-4921-9E7E-4F09CD67DD72}.Dev|Any CPU.Build.0 = Dev|Any CPU
		{4525BB66-A005-4921-9E7E-4F09CD67DD72}.Dev|x86.ActiveCfg = Dev|x86
		{4525BB66-A005-4921-9E7E-4F09CD67DD72}.Dev|x86.Build.0 = Dev|x86
		{4525BB66-A005-4921-9E7E-4F09CD67DD72}.Prod|Any CPU.ActiveCfg = Prod|Any CPU
		{4525BB66-A005-4921-9E7E-4F09CD67DD72}.Prod|Any CPU.Build.0 = Prod|Any CPU
		{4525BB66-A005-4921-9E7E-4F09CD67DD72}.Prod|x86.ActiveCfg = Prod|x86
		{4525BB66-A005-4921-9E7E-4F09CD67DD72}.Prod|x86.Build.0 = Prod|x86
		{4525BB66-A005-4921-9E7E-4F09CD67DD72}.QA|Any CPU.ActiveCfg = QA|Any CPU
		{4525BB66-A005-4921-9E7E-4F09CD67DD72}.QA|Any CPU.Build.0 = QA|Any CPU
		{4525BB66-A005-4921-9E7E-4F09CD67DD72}.QA|x86.ActiveCfg = QA|x86
		{4525BB66-A005-4921-9E7E-4F09CD67DD72}.QA|x86.Build.0 = QA|x86
		{4525BB66-A005-4921-9E7E-4F09CD67DD72}.Release|Any CPU.ActiveCfg = Release|Any CPU
		{4525BB66-A005-4921-9E7E-4F09CD67DD72}.Release|Any CPU.Build.0 = Release|Any CPU
		{4525BB66-A005-4921-9E7E-4F09CD67DD72}.Release|x86.ActiveCfg = Release|x86
		{4525BB66-A005-4921-9E7E-4F09CD67DD72}.Release|x86.Build.0 = Release|x86
		{51353125-6366-44B3-A19A-7F3901452F43}.Debug|Any CPU.ActiveCfg = Debug|Any CPU
		{51353125-6366-44B3-A19A-7F3901452F43}.Debug|Any CPU.Build.0 = Debug|Any CPU
		{51353125-6366-44B3-A19A-7F3901452F43}.Debug|x86.ActiveCfg = Debug|x86
		{51353125-6366-44B3-A19A-7F3901452F43}.Debug|x86.Build.0 = Debug|x86
		{51353125-6366-44B3-A19A-7F3901452F43}.Dev|Any CPU.ActiveCfg = Dev|Any CPU
		{51353125-6366-44B3-A19A-7F3901452F43}.Dev|Any CPU.Build.0 = Dev|Any CPU
		{51353125-6366-44B3-A19A-7F3901452F43}.Dev|x86.ActiveCfg = Dev|x86
		{51353125-6366-44B3-A19A-7F3901452F43}.Dev|x86.Build.0 = Dev|x86
		{51353125-6366-44B3-A19A-7F3901452F43}.Prod|Any CPU.ActiveCfg = Prod|Any CPU
		{51353125-6366-44B3-A19A-7F3901452F43}.Prod|Any CPU.Build.0 = Prod|Any CPU
		{51353125-6366-44B3-A19A-7F3901452F43}.Prod|x86.ActiveCfg = Prod|x86
		{51353125-6366-44B3-A19A-7F3901452F43}.Prod|x86.Build.0 = Prod|x86
		{51353125-6366-44B3-A19A-7F3901452F43}.QA|Any CPU.ActiveCfg = QA|Any CPU
		{51353125-6366-44B3-A19A-7F3901452F43}.QA|Any CPU.Build.0 = QA|Any CPU
		{51353125-6366-44B3-A19A-7F3901452F43}.QA|x86.ActiveCfg = QA|x86
		{51353125-6366-44B3-A19A-7F3901452F43}.QA|x86.Build.0 = QA|x86
		{51353125-6366-44B3-A19A-7F3901452F43}.Release|Any CPU.ActiveCfg = Release|Any CPU
		{51353125-6366-44B3-A19A-7F3901452F43}.Release|Any CPU.Build.0 = Release|Any CPU
		{51353125-6366-44B3-A19A-7F3901452F43}.Release|x86.ActiveCfg = Release|x86
		{51353125-6366-44B3-A19A-7F3901452F43}.Release|x86.Build.0 = Release|x86
		{DABD322D-B64E-4A1B-A819-C49DB5C70442}.Debug|Any CPU.ActiveCfg = Debug|Any CPU
		{DABD322D-B64E-4A1B-A819-C49DB5C70442}.Debug|Any CPU.Build.0 = Debug|Any CPU
		{DABD322D-B64E-4A1B-A819-C49DB5C70442}.Debug|x86.ActiveCfg = Debug|x86
		{DABD322D-B64E-4A1B-A819-C49DB5C70442}.Debug|x86.Build.0 = Debug|x86
		{DABD322D-B64E-4A1B-A819-C49DB5C70442}.Dev|Any CPU.ActiveCfg = Dev|Any CPU
		{DABD322D-B64E-4A1B-A819-C49DB5C70442}.Dev|Any CPU.Build.0 = Dev|Any CPU
		{DABD322D-B64E-4A1B-A819-C49DB5C70442}.Dev|x86.ActiveCfg = Dev|x86
		{DABD322D-B64E-4A1B-A819-C49DB5C70442}.Dev|x86.Build.0 = Dev|x86
		{DABD322D-B64E-4A1B-A819-C49DB5C70442}.Prod|Any CPU.ActiveCfg = Prod|Any CPU
		{DABD322D-B64E-4A1B-A819-C49DB5C70442}.Prod|Any CPU.Build.0 = Prod|Any CPU
		{DABD322D-B64E-4A1B-A819-C49DB5C70442}.Prod|x86.ActiveCfg = Prod|x86
		{DABD322D-B64E-4A1B-A819-C49DB5C70442}.Prod|x86.Build.0 = Prod|x86
		{DABD322D-B64E-4A1B-A819-C49DB5C70442}.QA|Any CPU.ActiveCfg = QA|Any CPU
		{DABD322D-B64E-4A1B-A819-C49DB5C70442}.QA|Any CPU.Build.0 = QA|Any CPU
		{DABD322D-B64E-4A1B-A819-C49DB5C70442}.QA|x86.ActiveCfg = QA|x86
		{DABD322D-B64E-4A1B-A819-C49DB5C70442}.QA|x86.Build.0 = QA|x86
		{DABD322D-B64E-4A1B-A819-C49DB5C70442}.Release|Any CPU.ActiveCfg = Release|Any CPU
		{DABD322D-B64E-4A1B-A819-C49DB5C70442}.Release|Any CPU.Build.0 = Release|Any CPU
		{DABD322D-B64E-4A1B-A819-C49DB5C70442}.Release|x86.ActiveCfg = Release|x86
		{DABD322D-B64E-4A1B-A819-C49DB5C70442}.Release|x86.Build.0 = Release|x86
		{2B165A82-7BCD-43F7-9637-19F8C9FEA820}.Debug|Any CPU.ActiveCfg = Debug|Any CPU
		{2B165A82-7BCD-43F7-9637-19F8C9FEA820}.Debug|Any CPU.Build.0 = Debug|Any CPU
		{2B165A82-7BCD-43F7-9637-19F8C9FEA820}.Debug|x86.ActiveCfg = Debug|x86
		{2B165A82-7BCD-43F7-9637-19F8C9FEA820}.Debug|x86.Build.0 = Debug|x86
		{2B165A82-7BCD-43F7-9637-19F8C9FEA820}.Dev|Any CPU.ActiveCfg = Dev|Any CPU
		{2B165A82-7BCD-43F7-9637-19F8C9FEA820}.Dev|Any CPU.Build.0 = Dev|Any CPU
		{2B165A82-7BCD-43F7-9637-19F8C9FEA820}.Dev|x86.ActiveCfg = Dev|x86
		{2B165A82-7BCD-43F7-9637-19F8C9FEA820}.Dev|x86.Build.0 = Dev|x86
		{2B165A82-7BCD-43F7-9637-19F8C9FEA820}.Prod|Any CPU.ActiveCfg = Prod|Any CPU
		{2B165A82-7BCD-43F7-9637-19F8C9FEA820}.Prod|Any CPU.Build.0 = Prod|Any CPU
		{2B165A82-7BCD-43F7-9637-19F8C9FEA820}.Prod|x86.ActiveCfg = Prod|x86
		{2B165A82-7BCD-43F7-9637-19F8C9FEA820}.Prod|x86.Build.0 = Prod|x86
		{2B165A82-7BCD-43F7-9637-19F8C9FEA820}.QA|Any CPU.ActiveCfg = QA|Any CPU
		{2B165A82-7BCD-43F7-9637-19F8C9FEA820}.QA|Any CPU.Build.0 = QA|Any CPU
		{2B165A82-7BCD-43F7-9637-19F8C9FEA820}.QA|x86.ActiveCfg = QA|x86
		{2B165A82-7BCD-43F7-9637-19F8C9FEA820}.QA|x86.Build.0 = QA|x86
		{2B165A82-7BCD-43F7-9637-19F8C9FEA820}.Release|Any CPU.ActiveCfg = Release|Any CPU
		{2B165A82-7BCD-43F7-9637-19F8C9FEA820}.Release|Any CPU.Build.0 = Release|Any CPU
		{2B165A82-7BCD-43F7-9637-19F8C9FEA820}.Release|x86.ActiveCfg = Release|x86
		{2B165A82-7BCD-43F7-9637-19F8C9FEA820}.Release|x86.Build.0 = Release|x86
		{38D0B2BF-9D18-4158-96EF-18BA73D99974}.Debug|Any CPU.ActiveCfg = Debug|Any CPU
		{38D0B2BF-9D18-4158-96EF-18BA73D99974}.Debug|Any CPU.Build.0 = Debug|Any CPU
		{38D0B2BF-9D18-4158-96EF-18BA73D99974}.Debug|x86.ActiveCfg = Debug|x86
		{38D0B2BF-9D18-4158-96EF-18BA73D99974}.Debug|x86.Build.0 = Debug|x86
		{38D0B2BF-9D18-4158-96EF-18BA73D99974}.Dev|Any CPU.ActiveCfg = Debug|Any CPU
		{38D0B2BF-9D18-4158-96EF-18BA73D99974}.Dev|Any CPU.Build.0 = Debug|Any CPU
		{38D0B2BF-9D18-4158-96EF-18BA73D99974}.Dev|x86.ActiveCfg = Debug|x86
		{38D0B2BF-9D18-4158-96EF-18BA73D99974}.Dev|x86.Build.0 = Debug|x86
		{38D0B2BF-9D18-4158-96EF-18BA73D99974}.Prod|Any CPU.ActiveCfg = Release|Any CPU
		{38D0B2BF-9D18-4158-96EF-18BA73D99974}.Prod|Any CPU.Build.0 = Release|Any CPU
		{38D0B2BF-9D18-4158-96EF-18BA73D99974}.Prod|x86.ActiveCfg = Release|x86
		{38D0B2BF-9D18-4158-96EF-18BA73D99974}.Prod|x86.Build.0 = Release|x86
		{38D0B2BF-9D18-4158-96EF-18BA73D99974}.QA|Any CPU.ActiveCfg = Release|Any CPU
		{38D0B2BF-9D18-4158-96EF-18BA73D99974}.QA|Any CPU.Build.0 = Release|Any CPU
		{38D0B2BF-9D18-4158-96EF-18BA73D99974}.QA|x86.ActiveCfg = Release|x86
		{38D0B2BF-9D18-4158-96EF-18BA73D99974}.QA|x86.Build.0 = Release|x86
		{38D0B2BF-9D18-4158-96EF-18BA73D99974}.Release|Any CPU.ActiveCfg = Release|Any CPU
		{38D0B2BF-9D18-4158-96EF-18BA73D99974}.Release|Any CPU.Build.0 = Release|Any CPU
		{38D0B2BF-9D18-4158-96EF-18BA73D99974}.Release|x86.ActiveCfg = Release|x86
		{38D0B2BF-9D18-4158-96EF-18BA73D99974}.Release|x86.Build.0 = Release|x86
		{268983FF-1006-4519-95F0-A461B0E7D20E}.Debug|Any CPU.ActiveCfg = Debug|Any CPU
		{268983FF-1006-4519-95F0-A461B0E7D20E}.Debug|Any CPU.Build.0 = Debug|Any CPU
		{268983FF-1006-4519-95F0-A461B0E7D20E}.Debug|x86.ActiveCfg = Debug|x86
		{268983FF-1006-4519-95F0-A461B0E7D20E}.Debug|x86.Build.0 = Debug|x86
		{268983FF-1006-4519-95F0-A461B0E7D20E}.Dev|Any CPU.ActiveCfg = Dev|Any CPU
		{268983FF-1006-4519-95F0-A461B0E7D20E}.Dev|Any CPU.Build.0 = Dev|Any CPU
		{268983FF-1006-4519-95F0-A461B0E7D20E}.Dev|x86.ActiveCfg = Dev|x86
		{268983FF-1006-4519-95F0-A461B0E7D20E}.Dev|x86.Build.0 = Dev|x86
		{268983FF-1006-4519-95F0-A461B0E7D20E}.Prod|Any CPU.ActiveCfg = Prod|Any CPU
		{268983FF-1006-4519-95F0-A461B0E7D20E}.Prod|Any CPU.Build.0 = Prod|Any CPU
		{268983FF-1006-4519-95F0-A461B0E7D20E}.Prod|x86.ActiveCfg = Prod|x86
		{268983FF-1006-4519-95F0-A461B0E7D20E}.Prod|x86.Build.0 = Prod|x86
		{268983FF-1006-4519-95F0-A461B0E7D20E}.QA|Any CPU.ActiveCfg = QA|Any CPU
		{268983FF-1006-4519-95F0-A461B0E7D20E}.QA|Any CPU.Build.0 = QA|Any CPU
		{268983FF-1006-4519-95F0-A461B0E7D20E}.QA|x86.ActiveCfg = QA|x86
		{268983FF-1006-4519-95F0-A461B0E7D20E}.QA|x86.Build.0 = QA|x86
		{268983FF-1006-4519-95F0-A461B0E7D20E}.Release|Any CPU.ActiveCfg = Release|Any CPU
		{268983FF-1006-4519-95F0-A461B0E7D20E}.Release|Any CPU.Build.0 = Release|Any CPU
		{268983FF-1006-4519-95F0-A461B0E7D20E}.Release|x86.ActiveCfg = Release|x86
		{268983FF-1006-4519-95F0-A461B0E7D20E}.Release|x86.Build.0 = Release|x86
		{4B6676BD-6958-475E-B0F6-83AD47D64DF5}.Debug|Any CPU.ActiveCfg = Debug|Any CPU
		{4B6676BD-6958-475E-B0F6-83AD47D64DF5}.Debug|Any CPU.Build.0 = Debug|Any CPU
		{4B6676BD-6958-475E-B0F6-83AD47D64DF5}.Debug|x86.ActiveCfg = Debug|x86
		{4B6676BD-6958-475E-B0F6-83AD47D64DF5}.Debug|x86.Build.0 = Debug|x86
		{4B6676BD-6958-475E-B0F6-83AD47D64DF5}.Dev|Any CPU.ActiveCfg = Dev|Any CPU
		{4B6676BD-6958-475E-B0F6-83AD47D64DF5}.Dev|Any CPU.Build.0 = Dev|Any CPU
		{4B6676BD-6958-475E-B0F6-83AD47D64DF5}.Dev|x86.ActiveCfg = Dev|x86
		{4B6676BD-6958-475E-B0F6-83AD47D64DF5}.Dev|x86.Build.0 = Dev|x86
		{4B6676BD-6958-475E-B0F6-83AD47D64DF5}.Prod|Any CPU.ActiveCfg = Prod|Any CPU
		{4B6676BD-6958-475E-B0F6-83AD47D64DF5}.Prod|Any CPU.Build.0 = Prod|Any CPU
		{4B6676BD-6958-475E-B0F6-83AD47D64DF5}.Prod|x86.ActiveCfg = Prod|x86
		{4B6676BD-6958-475E-B0F6-83AD47D64DF5}.Prod|x86.Build.0 = Prod|x86
		{4B6676BD-6958-475E-B0F6-83AD47D64DF5}.QA|Any CPU.ActiveCfg = QA|Any CPU
		{4B6676BD-6958-475E-B0F6-83AD47D64DF5}.QA|Any CPU.Build.0 = QA|Any CPU
		{4B6676BD-6958-475E-B0F6-83AD47D64DF5}.QA|x86.ActiveCfg = QA|x86
		{4B6676BD-6958-475E-B0F6-83AD47D64DF5}.QA|x86.Build.0 = QA|x86
		{4B6676BD-6958-475E-B0F6-83AD47D64DF5}.Release|Any CPU.ActiveCfg = Release|Any CPU
		{4B6676BD-6958-475E-B0F6-83AD47D64DF5}.Release|Any CPU.Build.0 = Release|Any CPU
		{4B6676BD-6958-475E-B0F6-83AD47D64DF5}.Release|x86.ActiveCfg = Release|x86
		{4B6676BD-6958-475E-B0F6-83AD47D64DF5}.Release|x86.Build.0 = Release|x86
		{D4003470-3664-4923-BA77-8CF24992C4B5}.Debug|Any CPU.ActiveCfg = Debug|Any CPU
		{D4003470-3664-4923-BA77-8CF24992C4B5}.Debug|Any CPU.Build.0 = Debug|Any CPU
		{D4003470-3664-4923-BA77-8CF24992C4B5}.Debug|x86.ActiveCfg = Debug|x86
		{D4003470-3664-4923-BA77-8CF24992C4B5}.Debug|x86.Build.0 = Debug|x86
		{D4003470-3664-4923-BA77-8CF24992C4B5}.Dev|Any CPU.ActiveCfg = Debug|Any CPU
		{D4003470-3664-4923-BA77-8CF24992C4B5}.Dev|Any CPU.Build.0 = Debug|Any CPU
		{D4003470-3664-4923-BA77-8CF24992C4B5}.Dev|x86.ActiveCfg = Debug|x86
		{D4003470-3664-4923-BA77-8CF24992C4B5}.Dev|x86.Build.0 = Debug|x86
		{D4003470-3664-4923-BA77-8CF24992C4B5}.Prod|Any CPU.ActiveCfg = Release|Any CPU
		{D4003470-3664-4923-BA77-8CF24992C4B5}.Prod|Any CPU.Build.0 = Release|Any CPU
		{D4003470-3664-4923-BA77-8CF24992C4B5}.Prod|x86.ActiveCfg = Release|x86
		{D4003470-3664-4923-BA77-8CF24992C4B5}.Prod|x86.Build.0 = Release|x86
		{D4003470-3664-4923-BA77-8CF24992C4B5}.QA|Any CPU.ActiveCfg = Release|Any CPU
		{D4003470-3664-4923-BA77-8CF24992C4B5}.QA|Any CPU.Build.0 = Release|Any CPU
		{D4003470-3664-4923-BA77-8CF24992C4B5}.QA|x86.ActiveCfg = Release|x86
		{D4003470-3664-4923-BA77-8CF24992C4B5}.QA|x86.Build.0 = Release|x86
		{D4003470-3664-4923-BA77-8CF24992C4B5}.Release|Any CPU.ActiveCfg = Release|Any CPU
		{D4003470-3664-4923-BA77-8CF24992C4B5}.Release|Any CPU.Build.0 = Release|Any CPU
		{D4003470-3664-4923-BA77-8CF24992C4B5}.Release|x86.ActiveCfg = Release|x86
		{D4003470-3664-4923-BA77-8CF24992C4B5}.Release|x86.Build.0 = Release|x86
		{FF66FA91-3E19-494B-BED5-72EAF57B3B1C}.Debug|Any CPU.ActiveCfg = Debug|Any CPU
		{FF66FA91-3E19-494B-BED5-72EAF57B3B1C}.Debug|Any CPU.Build.0 = Debug|Any CPU
		{FF66FA91-3E19-494B-BED5-72EAF57B3B1C}.Debug|x86.ActiveCfg = Debug|x86
		{FF66FA91-3E19-494B-BED5-72EAF57B3B1C}.Debug|x86.Build.0 = Debug|x86
		{FF66FA91-3E19-494B-BED5-72EAF57B3B1C}.Dev|Any CPU.ActiveCfg = Dev|Any CPU
		{FF66FA91-3E19-494B-BED5-72EAF57B3B1C}.Dev|Any CPU.Build.0 = Dev|Any CPU
		{FF66FA91-3E19-494B-BED5-72EAF57B3B1C}.Dev|x86.ActiveCfg = Dev|x86
		{FF66FA91-3E19-494B-BED5-72EAF57B3B1C}.Dev|x86.Build.0 = Dev|x86
		{FF66FA91-3E19-494B-BED5-72EAF57B3B1C}.Prod|Any CPU.ActiveCfg = Prod|Any CPU
		{FF66FA91-3E19-494B-BED5-72EAF57B3B1C}.Prod|Any CPU.Build.0 = Prod|Any CPU
		{FF66FA91-3E19-494B-BED5-72EAF57B3B1C}.Prod|x86.ActiveCfg = Prod|x86
		{FF66FA91-3E19-494B-BED5-72EAF57B3B1C}.Prod|x86.Build.0 = Prod|x86
		{FF66FA91-3E19-494B-BED5-72EAF57B3B1C}.QA|Any CPU.ActiveCfg = QA|Any CPU
		{FF66FA91-3E19-494B-BED5-72EAF57B3B1C}.QA|Any CPU.Build.0 = QA|Any CPU
		{FF66FA91-3E19-494B-BED5-72EAF57B3B1C}.QA|x86.ActiveCfg = QA|x86
		{FF66FA91-3E19-494B-BED5-72EAF57B3B1C}.QA|x86.Build.0 = QA|x86
		{FF66FA91-3E19-494B-BED5-72EAF57B3B1C}.Release|Any CPU.ActiveCfg = Release|Any CPU
		{FF66FA91-3E19-494B-BED5-72EAF57B3B1C}.Release|Any CPU.Build.0 = Release|Any CPU
		{FF66FA91-3E19-494B-BED5-72EAF57B3B1C}.Release|x86.ActiveCfg = Release|x86
		{FF66FA91-3E19-494B-BED5-72EAF57B3B1C}.Release|x86.Build.0 = Release|x86
		{4D280042-6C6A-4B2F-A56D-5A393910A904}.Debug|Any CPU.ActiveCfg = Debug|Any CPU
		{4D280042-6C6A-4B2F-A56D-5A393910A904}.Debug|Any CPU.Build.0 = Debug|Any CPU
		{4D280042-6C6A-4B2F-A56D-5A393910A904}.Debug|x86.ActiveCfg = Debug|x86
		{4D280042-6C6A-4B2F-A56D-5A393910A904}.Debug|x86.Build.0 = Debug|x86
		{4D280042-6C6A-4B2F-A56D-5A393910A904}.Dev|Any CPU.ActiveCfg = Dev|Any CPU
		{4D280042-6C6A-4B2F-A56D-5A393910A904}.Dev|Any CPU.Build.0 = Dev|Any CPU
		{4D280042-6C6A-4B2F-A56D-5A393910A904}.Dev|x86.ActiveCfg = Dev|x86
		{4D280042-6C6A-4B2F-A56D-5A393910A904}.Dev|x86.Build.0 = Dev|x86
		{4D280042-6C6A-4B2F-A56D-5A393910A904}.Prod|Any CPU.ActiveCfg = Prod|Any CPU
		{4D280042-6C6A-4B2F-A56D-5A393910A904}.Prod|Any CPU.Build.0 = Prod|Any CPU
		{4D280042-6C6A-4B2F-A56D-5A393910A904}.Prod|x86.ActiveCfg = Prod|x86
		{4D280042-6C6A-4B2F-A56D-5A393910A904}.Prod|x86.Build.0 = Prod|x86
		{4D280042-6C6A-4B2F-A56D-5A393910A904}.QA|Any CPU.ActiveCfg = QA|Any CPU
		{4D280042-6C6A-4B2F-A56D-5A393910A904}.QA|Any CPU.Build.0 = QA|Any CPU
		{4D280042-6C6A-4B2F-A56D-5A393910A904}.QA|x86.ActiveCfg = QA|x86
		{4D280042-6C6A-4B2F-A56D-5A393910A904}.QA|x86.Build.0 = QA|x86
		{4D280042-6C6A-4B2F-A56D-5A393910A904}.Release|Any CPU.ActiveCfg = Release|Any CPU
		{4D280042-6C6A-4B2F-A56D-5A393910A904}.Release|Any CPU.Build.0 = Release|Any CPU
		{4D280042-6C6A-4B2F-A56D-5A393910A904}.Release|x86.ActiveCfg = Release|x86
		{4D280042-6C6A-4B2F-A56D-5A393910A904}.Release|x86.Build.0 = Release|x86
	EndGlobalSection
	GlobalSection(SolutionProperties) = preSolution
		HideSolutionNode = FALSE
	EndGlobalSection
	GlobalSection(NestedProjects) = preSolution
		{08E5DBD3-DE6A-4559-9508-A364D54D58AF} = {16FEF750-CCDB-4894-9A77-F28ED1D49C6C}
		{7AB1B375-43F8-4E9E-8EB4-D29FFCFEF6B3} = {D93EAAA6-54FA-4DB0-AE8A-09EEC7389CE2}
		{D1C25BFA-4AAD-4989-A105-ECCFFFC4D1ED} = {7AB1B375-43F8-4E9E-8EB4-D29FFCFEF6B3}
		{8E252831-076F-46D6-A4EF-A1D9B7FAE23C} = {7AB1B375-43F8-4E9E-8EB4-D29FFCFEF6B3}
		{435D3EFE-2AB5-44B8-88E9-A8112B7A1DE4} = {A8BEF24A-C7C0-4A5B-AF44-FEC8136E2F7A}
		{9171CE4A-AA40-4D69-9FB7-17647A24BA68} = {A8BEF24A-C7C0-4A5B-AF44-FEC8136E2F7A}
		{4525BB66-A005-4921-9E7E-4F09CD67DD72} = {A8BEF24A-C7C0-4A5B-AF44-FEC8136E2F7A}
		{51353125-6366-44B3-A19A-7F3901452F43} = {A8BEF24A-C7C0-4A5B-AF44-FEC8136E2F7A}
		{DABD322D-B64E-4A1B-A819-C49DB5C70442} = {A8BEF24A-C7C0-4A5B-AF44-FEC8136E2F7A}
		{2B165A82-7BCD-43F7-9637-19F8C9FEA820} = {A8BEF24A-C7C0-4A5B-AF44-FEC8136E2F7A}
		{38D0B2BF-9D18-4158-96EF-18BA73D99974} = {0847A4CD-F012-413E-9A8F-7A4125C79623}
		{17F4D8A6-C998-431A-990A-DFF27580386D} = {D93EAAA6-54FA-4DB0-AE8A-09EEC7389CE2}
		{268983FF-1006-4519-95F0-A461B0E7D20E} = {17F4D8A6-C998-431A-990A-DFF27580386D}
		{4B6676BD-6958-475E-B0F6-83AD47D64DF5} = {D93EAAA6-54FA-4DB0-AE8A-09EEC7389CE2}
		{D4003470-3664-4923-BA77-8CF24992C4B5} = {17F4D8A6-C998-431A-990A-DFF27580386D}
		{FF66FA91-3E19-494B-BED5-72EAF57B3B1C} = {7AB1B375-43F8-4E9E-8EB4-D29FFCFEF6B3}
		{4D280042-6C6A-4B2F-A56D-5A393910A904} = {9F3297C4-D1B4-49AE-B551-C12ACBA2CDBA}
	EndGlobalSection
EndGlobal
